
Microsoft Visual Studio Solution File, Format Version 11.00
# Visual Studio 2010
Project("{FAE04EC0-301F-11D3-BF4B-00C04F79EFBC}") = "SimpleTextEditor", "SimpleTextEditor\SimpleTextEditor.csproj", "{09093A39-99DF-4139-9084-6D905CC6FCD8}"
EndProject
Project("{54435603-DBB4-11D2-8724-00A0C9A8B90C}") = "STEInstaller", "STEInstaller\STEInstaller.vdproj", "{B6F1269C-71D1-4A66-9C95-DCFED0029CA7}"
EndProject
Global
	GlobalSection(SolutionConfigurationPlatforms) = preSolution
		Debug|Any CPU = Debug|Any CPU
		Release|Any CPU = Release|Any CPU
	EndGlobalSection
	GlobalSection(ProjectConfigurationPlatforms) = postSolution
		{09093A39-99DF-4139-9084-6D905CC6FCD8}.Debug|Any CPU.ActiveCfg = Debug|Any CPU
		{09093A39-99DF-4139-9084-6D905CC6FCD8}.Debug|Any CPU.Build.0 = Debug|Any CPU
		{09093A39-99DF-4139-9084-6D905CC6FCD8}.Release|Any CPU.ActiveCfg = Release|Any CPU
		{09093A39-99DF-4139-9084-6D905CC6FCD8}.Release|Any CPU.Build.0 = Release|Any CPU
		{B6F1269C-71D1-4A66-9C95-DCFED0029CA7}.Debug|Any CPU.ActiveCfg = Debug
		{B6F1269C-71D1-4A66-9C95-DCFED0029CA7}.Release|Any CPU.ActiveCfg = Release
	EndGlobalSection
	GlobalSection(SolutionProperties) = preSolution
		HideSolutionNode = FALSE
	EndGlobalSection
EndGlobal
